
Microsoft Visual Studio Solution File, Format Version 12.00
# Visual Studio 15
VisualStudioVersion = 15.0.26730.12
MinimumVisualStudioVersion = 10.0.40219.1
Project("{9A19103F-16F7-4668-BE54-9A1E7A4F7556}") = "Solid", "Solid\Solid.csproj", "{9F459249-FF93-40B8-8E70-AAED33DCDE8F}"
EndProject
Project("{FAE04EC0-301F-11D3-BF4B-00C04F79EFBC}") = "Solid.Tests", "Solid.Tests\Solid.Tests.csproj", "{C2E49CDD-EEB4-4039-A105-42758FD789BC}"
EndProject
Global
	GlobalSection(SolutionConfigurationPlatforms) = preSolution
		Debug|Any CPU = Debug|Any CPU
		Release|Any CPU = Release|Any CPU
	EndGlobalSection
	GlobalSection(ProjectConfigurationPlatforms) = postSolution
		{9F459249-FF93-40B8-8E70-AAED33DCDE8F}.Debug|Any CPU.ActiveCfg = Debug|Any CPU
		{9F459249-FF93-40B8-8E70-AAED33DCDE8F}.Debug|Any CPU.Build.0 = Debug|Any CPU
		{9F459249-FF93-40B8-8E70-AAED33DCDE8F}.Release|Any CPU.ActiveCfg = Release|Any CPU
		{9F459249-FF93-40B8-8E70-AAED33DCDE8F}.Release|Any CPU.Build.0 = Release|Any CPU
		{C2E49CDD-EEB4-4039-A105-42758FD789BC}.Debug|Any CPU.ActiveCfg = Debug|Any CPU
		{C2E49CDD-EEB4-4039-A105-42758FD789BC}.Debug|Any CPU.Build.0 = Debug|Any CPU
		{C2E49CDD-EEB4-4039-A105-42758FD789BC}.Release|Any CPU.ActiveCfg = Release|Any CPU
		{C2E49CDD-EEB4-4039-A105-42758FD789BC}.Release|Any CPU.Build.0 = Release|Any CPU
	EndGlobalSection
	GlobalSection(SolutionProperties) = preSolution
		HideSolutionNode = FALSE
	EndGlobalSection
	GlobalSection(ExtensibilityGlobals) = postSolution
		SolutionGuid = {DF010444-66CE-48E5-AB50-3F8E10D966C5}
	EndGlobalSection
EndGlobal
